
Microsoft Visual Studio Solution File, Format Version 12.00
# Visual Studio Version 16
VisualStudioVersion = 16.0.30320.27
MinimumVisualStudioVersion = 10.0.40219.1
Project("{FAE04EC0-301F-11D3-BF4B-00C04F79EFBC}") = "MintPlayer.Xaml.EventToCommand", "MintPlayer.Xaml.EventToCommand\MintPlayer.Xaml.EventToCommand.csproj", "{6402C78D-4DDD-4A8E-A0B8-0A1345318674}"
EndProject
Global
	GlobalSection(SolutionConfigurationPlatforms) = preSolution
		Debug|Any CPU = Debug|Any CPU
		Release|Any CPU = Release|Any CPU
	EndGlobalSection
	GlobalSection(ProjectConfigurationPlatforms) = postSolution
		{6402C78D-4DDD-4A8E-A0B8-0A1345318674}.Debug|Any CPU.ActiveCfg = Debug|Any CPU
		{6402C78D-4DDD-4A8E-A0B8-0A1345318674}.Debug|Any CPU.Build.0 = Debug|Any CPU
		{6402C78D-4DDD-4A8E-A0B8-0A1345318674}.Release|Any CPU.ActiveCfg = Release|Any CPU
		{6402C78D-4DDD-4A8E-A0B8-0A1345318674}.Release|Any CPU.Build.0 = Release|Any CPU
	EndGlobalSection
	GlobalSection(SolutionProperties) = preSolution
		HideSolutionNode = FALSE
	EndGlobalSection
	GlobalSection(ExtensibilityGlobals) = postSolution
		SolutionGuid = {C614C9AC-1D40-4489-8A46-526E877A860B}
	EndGlobalSection
EndGlobal
